{
  "name": "kite-guest",
  "version": "0.0.1",
  "lockfileVersion": 2,
  "requires": true,
  "packages": {
    "": {
      "name": "kite-guest",
      "version": "0.0.1",
      "license": "AGPL-3.0",
      "dependencies": {
        "as-proto": "^0.2.4"
      },
      "devDependencies": {
        "as-proto-gen": "^0.2.4",
        "assemblyscript": "^0.20.11"
      }
    },
    "node_modules/as-proto": {
      "version": "0.2.4",
      "resolved": "https://registry.npmjs.org/as-proto/-/as-proto-0.2.4.tgz",
      "integrity": "sha512-X/auVpZmudjtShLX7M8jJetr8wRuQtyA91gG3iNLvzq9BuhoqrfKDaINOw4tJuaDO8UwDNKTOKjQioP1Onv8hw=="
    },
    "node_modules/as-proto-gen": {
      "version": "0.2.4",
      "resolved": "https://registry.npmjs.org/as-proto-gen/-/as-proto-gen-0.2.4.tgz",
      "integrity": "sha512-qlPLJbOvTJuAqKWMeC9xW78ptDcG4NkywK0pi/eEPJ65nbfTZWFzugSfdQGgsUQ3iLHerKgbpaRHMRqW6IgOeQ==",
      "dev": true,
      "dependencies": {
        "google-protobuf": "^3.19.2",
        "prettier": "^2.5.0",
        "ts-poet": "^4.9.0"
      },
      "bin": {
        "as-proto-gen": "bin/as-proto-gen"
      }
    },
    "node_modules/assemblyscript": {
      "version": "0.20.11",
      "resolved": "https://registry.npmjs.org/assemblyscript/-/assemblyscript-0.20.11.tgz",
      "integrity": "sha512-DqzqE4oVmrErlTTockRg01Hhe0HZmR8iIuudclQ6o4QFCG7lDnq9f+jgxRtNQaj12fKb17ukWmqcqvDWAXN3Gg==",
      "dev": true,
      "dependencies": {
        "binaryen": "108.0.0-nightly.20220528",
        "long": "^5.2.0"
      },
      "bin": {
        "asc": "bin/asc.js",
        "asinit": "bin/asinit.js"
      },
      "funding": {
        "type": "opencollective",
        "url": "https://opencollective.com/assemblyscript"
      }
    },
    "node_modules/binaryen": {
      "version": "108.0.0-nightly.20220528",
      "resolved": "https://registry.npmjs.org/binaryen/-/binaryen-108.0.0-nightly.20220528.tgz",
      "integrity": "sha512-9biG357fx3NXmJNotIuY9agZBcCNHP7d1mgOGaTlPYVHZE7/61lt1IyHCXAL+W5jUOYgmFZ260PR4IbD19RKuA==",
      "dev": true,
      "bin": {
        "wasm-opt": "bin/wasm-opt",
        "wasm2js": "bin/wasm2js"
      }
    },
    "node_modules/google-protobuf": {
      "version": "3.20.1",
      "resolved": "https://registry.npmjs.org/google-protobuf/-/google-protobuf-3.20.1.tgz",
      "integrity": "sha512-XMf1+O32FjYIV3CYu6Tuh5PNbfNEU5Xu22X+Xkdb/DUexFlCzhvv7d5Iirm4AOwn8lv4al1YvIhzGrg2j9Zfzw==",
      "dev": true
    },
    "node_modules/lodash": {
      "version": "4.17.21",
      "resolved": "https://registry.npmjs.org/lodash/-/lodash-4.17.21.tgz",
      "integrity": "sha512-v2kDEe57lecTulaDIuNTPy3Ry4gLGJ6Z1O3vE1krgXZNrsQ+LFTGHVxVjcXPs17LhbZVGedAJv8XZ1tvj5FvSg==",
      "dev": true
    },
    "node_modules/long": {
      "version": "5.2.0",
      "resolved": "https://registry.npmjs.org/long/-/long-5.2.0.tgz",
      "integrity": "sha512-9RTUNjK60eJbx3uz+TEGF7fUr29ZDxR5QzXcyDpeSfeH28S9ycINflOgOlppit5U+4kNTe83KQnMEerw7GmE8w==",
      "dev": true
    },
    "node_modules/prettier": {
      "version": "2.7.1",
      "resolved": "https://registry.npmjs.org/prettier/-/prettier-2.7.1.tgz",
      "integrity": "sha512-ujppO+MkdPqoVINuDFDRLClm7D78qbDt0/NR+wp5FqEZOoTNAjPHWj17QRhu7geIHJfcNhRk1XVQmF8Bp3ye+g==",
      "dev": true,
      "bin": {
        "prettier": "bin-prettier.js"
      },
      "engines": {
        "node": ">=10.13.0"
      },
      "funding": {
        "url": "https://github.com/prettier/prettier?sponsor=1"
      }
    },
    "node_modules/ts-poet": {
      "version": "4.13.0",
      "resolved": "https://registry.npmjs.org/ts-poet/-/ts-poet-4.13.0.tgz",
      "integrity": "sha512-8BUxvsSdLaygDFhhamjfR+/bZ72eVJQHPhv4ADr8HmG3BbNbDORV63JxDcB3oNVMm1KeuQj+T0UrcKDqoPtc+w==",
      "dev": true,
      "dependencies": {
        "lodash": "^4.17.15",
        "prettier": "^2.5.1"
      }
    }
  },
  "dependencies": {
    "as-proto": {
      "version": "0.2.4",
      "resolved": "https://registry.npmjs.org/as-proto/-/as-proto-0.2.4.tgz",
      "integrity": "sha512-X/auVpZmudjtShLX7M8jJetr8wRuQtyA91gG3iNLvzq9BuhoqrfKDaINOw4tJuaDO8UwDNKTOKjQioP1Onv8hw=="
    },
    "as-proto-gen": {
      "version": "0.2.4",
      "resolved": "https://registry.npmjs.org/as-proto-gen/-/as-proto-gen-0.2.4.tgz",
      "integrity": "sha512-qlPLJbOvTJuAqKWMeC9xW78ptDcG4NkywK0pi/eEPJ65nbfTZWFzugSfdQGgsUQ3iLHerKgbpaRHMRqW6IgOeQ==",
      "dev": true,
      "requires": {
        "google-protobuf": "^3.19.2",
        "prettier": "^2.5.0",
        "ts-poet": "^4.9.0"
      }
    },
    "assemblyscript": {
      "version": "0.20.11",
      "resolved": "https://registry.npmjs.org/assemblyscript/-/assemblyscript-0.20.11.tgz",
      "integrity": "sha512-DqzqE4oVmrErlTTockRg01Hhe0HZmR8iIuudclQ6o4QFCG7lDnq9f+jgxRtNQaj12fKb17ukWmqcqvDWAXN3Gg==",
      "dev": true,
      "requires": {
        "binaryen": "108.0.0-nightly.20220528",
        "long": "^5.2.0"
      }
    },
    "binaryen": {
      "version": "108.0.0-nightly.20220528",
      "resolved": "https://registry.npmjs.org/binaryen/-/binaryen-108.0.0-nightly.20220528.tgz",
      "integrity": "sha512-9biG357fx3NXmJNotIuY9agZBcCNHP7d1mgOGaTlPYVHZE7/61lt1IyHCXAL+W5jUOYgmFZ260PR4IbD19RKuA==",
      "dev": true
    },
    "google-protobuf": {
      "version": "3.20.1",
      "resolved": "https://registry.npmjs.org/google-protobuf/-/google-protobuf-3.20.1.tgz",
      "integrity": "sha512-XMf1+O32FjYIV3CYu6Tuh5PNbfNEU5Xu22X+Xkdb/DUexFlCzhvv7d5Iirm4AOwn8lv4al1YvIhzGrg2j9Zfzw==",
      "dev": true
    },
    "lodash": {
      "version": "4.17.21",
      "resolved": "https://registry.npmjs.org/lodash/-/lodash-4.17.21.tgz",
      "integrity": "sha512-v2kDEe57lecTulaDIuNTPy3Ry4gLGJ6Z1O3vE1krgXZNrsQ+LFTGHVxVjcXPs17LhbZVGedAJv8XZ1tvj5FvSg==",
      "dev": true
    },
    "long": {
      "version": "5.2.0",
      "resolved": "https://registry.npmjs.org/long/-/long-5.2.0.tgz",
      "integrity": "sha512-9RTUNjK60eJbx3uz+TEGF7fUr29ZDxR5QzXcyDpeSfeH28S9ycINflOgOlppit5U+4kNTe83KQnMEerw7GmE8w==",
      "dev": true
    },
    "prettier": {
      "version": "2.7.1",
      "resolved": "https://registry.npmjs.org/prettier/-/prettier-2.7.1.tgz",
      "integrity": "sha512-ujppO+MkdPqoVINuDFDRLClm7D78qbDt0/NR+wp5FqEZOoTNAjPHWj17QRhu7geIHJfcNhRk1XVQmF8Bp3ye+g==",
      "dev": true
    },
    "ts-poet": {
      "version": "4.13.0",
      "resolved": "https://registry.npmjs.org/ts-poet/-/ts-poet-4.13.0.tgz",
      "integrity": "sha512-8BUxvsSdLaygDFhhamjfR+/bZ72eVJQHPhv4ADr8HmG3BbNbDORV63JxDcB3oNVMm1KeuQj+T0UrcKDqoPtc+w==",
      "dev": true,
      "requires": {
        "lodash": "^4.17.15",
        "prettier": "^2.5.1"
      }
    }
  }
}
